// !$*UTF8*$!
{
	archiveVersion = 1;
	classes = {
	};
	objectVersion = 56;
	objects = {

/* Begin PBXBuildFile section */
		072401E32B987D8A0030E077 /* cachemireApp.swift in Sources */ = {isa = PBXBuildFile; fileRef = 072401E22B987D8A0030E077 /* cachemireApp.swift */; };
		072401E52B987D8A0030E077 /* ContentView.swift in Sources */ = {isa = PBXBuildFile; fileRef = 072401E42B987D8A0030E077 /* ContentView.swift */; };
		072401E72B987D8C0030E077 /* Assets.xcassets in Resources */ = {isa = PBXBuildFile; fileRef = 072401E62B987D8C0030E077 /* Assets.xcassets */; };
		072401F22B98854D0030E077 /* LoadingPage.swift in Sources */ = {isa = PBXBuildFile; fileRef = 072401F12B98854D0030E077 /* LoadingPage.swift */; };
		0739D7932BA074DA0073D787 /* Dressing.swift in Sources */ = {isa = PBXBuildFile; fileRef = 0739D7922BA074DA0073D787 /* Dressing.swift */; };
		0739D7952BA082D70073D787 /* DressingChild.swift in Sources */ = {isa = PBXBuildFile; fileRef = 0739D7942BA082D70073D787 /* DressingChild.swift */; };
		0769F6AE2B9B6000009DD056 /* Button_3.swift in Sources */ = {isa = PBXBuildFile; fileRef = 0769F6AD2B9B6000009DD056 /* Button_3.swift */; };
		07C226232BA2028500F8E0B6 /* Assistance.swift in Sources */ = {isa = PBXBuildFile; fileRef = 07C226222BA2028500F8E0B6 /* Assistance.swift */; };
		07C226252BA2029400F8E0B6 /* Favorite.swift in Sources */ = {isa = PBXBuildFile; fileRef = 07C226242BA2029400F8E0B6 /* Favorite.swift */; };
		07C226272BA2029E00F8E0B6 /* Suggestion.swift in Sources */ = {isa = PBXBuildFile; fileRef = 07C226262BA2029E00F8E0B6 /* Suggestion.swift */; };
		07C6F0042B9F1A5C00B608E0 /* ModalAddCategory.swift in Sources */ = {isa = PBXBuildFile; fileRef = 07C6F0032B9F1A5C00B608E0 /* ModalAddCategory.swift */; };
		07C6F0062B9F20AD00B608E0 /* Button_1.swift in Sources */ = {isa = PBXBuildFile; fileRef = 07C6F0052B9F20AD00B608E0 /* Button_1.swift */; };
		07C6F0082B9F541400B608E0 /* Button_2.swift in Sources */ = {isa = PBXBuildFile; fileRef = 07C6F0072B9F541400B608E0 /* Button_2.swift */; };
		07C780952BA33AC4007A6BD8 /* FavoriteChild.swift in Sources */ = {isa = PBXBuildFile; fileRef = 07C780942BA33AC4007A6BD8 /* FavoriteChild.swift */; };
		07C780972BA385AC007A6BD8 /* SuggestionChild.swift in Sources */ = {isa = PBXBuildFile; fileRef = 07C780962BA385AC007A6BD8 /* SuggestionChild.swift */; };
/* End PBXBuildFile section */

/* Begin PBXFileReference section */
		072401DF2B987D8A0030E077 /* cachemire.app */ = {isa = PBXFileReference; explicitFileType = wrapper.application; includeInIndex = 0; path = cachemire.app; sourceTree = BUILT_PRODUCTS_DIR; };
		072401E22B987D8A0030E077 /* cachemireApp.swift */ = {isa = PBXFileReference; lastKnownFileType = sourcecode.swift; path = cachemireApp.swift; sourceTree = "<group>"; };
		072401E42B987D8A0030E077 /* ContentView.swift */ = {isa = PBXFileReference; lastKnownFileType = sourcecode.swift; path = ContentView.swift; sourceTree = "<group>"; };
		072401E62B987D8C0030E077 /* Assets.xcassets */ = {isa = PBXFileReference; lastKnownFileType = folder.assetcatalog; path = Assets.xcassets; sourceTree = "<group>"; };
		072401F12B98854D0030E077 /* LoadingPage.swift */ = {isa = PBXFileReference; lastKnownFileType = sourcecode.swift; path = LoadingPage.swift; sourceTree = "<group>"; };
		0739D7922BA074DA0073D787 /* Dressing.swift */ = {isa = PBXFileReference; lastKnownFileType = sourcecode.swift; path = Dressing.swift; sourceTree = "<group>"; };
		0739D7942BA082D70073D787 /* DressingChild.swift */ = {isa = PBXFileReference; lastKnownFileType = sourcecode.swift; path = DressingChild.swift; sourceTree = "<group>"; };
		0769F6AD2B9B6000009DD056 /* Button_3.swift */ = {isa = PBXFileReference; lastKnownFileType = sourcecode.swift; path = Button_3.swift; sourceTree = "<group>"; };
		07C226222BA2028500F8E0B6 /* Assistance.swift */ = {isa = PBXFileReference; lastKnownFileType = sourcecode.swift; path = Assistance.swift; sourceTree = "<group>"; };
		07C226242BA2029400F8E0B6 /* Favorite.swift */ = {isa = PBXFileReference; lastKnownFileType = sourcecode.swift; path = Favorite.swift; sourceTree = "<group>"; };
		07C226262BA2029E00F8E0B6 /* Suggestion.swift */ = {isa = PBXFileReference; lastKnownFileType = sourcecode.swift; path = Suggestion.swift; sourceTree = "<group>"; };
		07C6F0032B9F1A5C00B608E0 /* ModalAddCategory.swift */ = {isa = PBXFileReference; lastKnownFileType = sourcecode.swift; path = ModalAddCategory.swift; sourceTree = "<group>"; };
		07C6F0052B9F20AD00B608E0 /* Button_1.swift */ = {isa = PBXFileReference; lastKnownFileType = sourcecode.swift; path = Button_1.swift; sourceTree = "<group>"; };
		07C6F0072B9F541400B608E0 /* Button_2.swift */ = {isa = PBXFileReference; lastKnownFileType = sourcecode.swift; path = Button_2.swift; sourceTree = "<group>"; };
		07C780942BA33AC4007A6BD8 /* FavoriteChild.swift */ = {isa = PBXFileReference; lastKnownFileType = sourcecode.swift; path = FavoriteChild.swift; sourceTree = "<group>"; };
		07C780962BA385AC007A6BD8 /* SuggestionChild.swift */ = {isa = PBXFileReference; lastKnownFileType = sourcecode.swift; path = SuggestionChild.swift; sourceTree = "<group>"; };
/* End PBXFileReference section */

/* Begin PBXFrameworksBuildPhase section */
		072401DC2B987D8A0030E077 /* Frameworks */ = {
			isa = PBXFrameworksBuildPhase;
			buildActionMask = 2147483647;
			files = (
			);
			runOnlyForDeploymentPostprocessing = 0;
		};
/* End PBXFrameworksBuildPhase section */

/* Begin PBXGroup section */
		072401D62B987D8A0030E077 = {
			isa = PBXGroup;
			children = (
				072401E12B987D8A0030E077 /* cachemire */,
				072401E02B987D8A0030E077 /* Products */,
			);
			sourceTree = "<group>";
		};
		072401E02B987D8A0030E077 /* Products */ = {
			isa = PBXGroup;
			children = (
				072401DF2B987D8A0030E077 /* cachemire.app */,
			);
			name = Products;
			sourceTree = "<group>";
		};
		072401E12B987D8A0030E077 /* cachemire */ = {
			isa = PBXGroup;
			children = (
				072401E62B987D8C0030E077 /* Assets.xcassets */,
				077692B12BA1942D00A36F81 /* modals */,
				07C7C2B72B9A199B008B27E2 /* components */,
				07C7C2B92B9A1CD6008B27E2 /* pages */,
			);
			path = cachemire;
			sourceTree = "<group>";
		};
		0739D7912BA074670073D787 /* dressing */ = {
			isa = PBXGroup;
			children = (
				0739D7922BA074DA0073D787 /* Dressing.swift */,
				0739D7942BA082D70073D787 /* DressingChild.swift */,
			);
			path = dressing;
			sourceTree = "<group>";
		};
		077692B12BA1942D00A36F81 /* modals */ = {
			isa = PBXGroup;
			children = (
				07C6F0032B9F1A5C00B608E0 /* ModalAddCategory.swift */,
			);
			path = modals;
			sourceTree = "<group>";
		};
		07C2261F2BA1E06500F8E0B6 /* suggestion */ = {
			isa = PBXGroup;
			children = (
				07C226262BA2029E00F8E0B6 /* Suggestion.swift */,
				07C780962BA385AC007A6BD8 /* SuggestionChild.swift */,
			);
			path = suggestion;
			sourceTree = "<group>";
		};
		07C226202BA1E08E00F8E0B6 /* favorite */ = {
			isa = PBXGroup;
			children = (
				07C226242BA2029400F8E0B6 /* Favorite.swift */,
				07C780942BA33AC4007A6BD8 /* FavoriteChild.swift */,
			);
			path = favorite;
			sourceTree = "<group>";
		};
		07C226212BA1E0A300F8E0B6 /* assistance */ = {
			isa = PBXGroup;
			children = (
				07C226222BA2028500F8E0B6 /* Assistance.swift */,
			);
			path = assistance;
			sourceTree = "<group>";
		};
		07C7C2B72B9A199B008B27E2 /* components */ = {
			isa = PBXGroup;
			children = (
				0769F6AD2B9B6000009DD056 /* Button_3.swift */,
				07C6F0052B9F20AD00B608E0 /* Button_1.swift */,
				07C6F0072B9F541400B608E0 /* Button_2.swift */,
			);
			path = components;
			sourceTree = "<group>";
		};
		07C7C2B92B9A1CD6008B27E2 /* pages */ = {
			isa = PBXGroup;
			children = (
				072401E22B987D8A0030E077 /* cachemireApp.swift */,
				072401E42B987D8A0030E077 /* ContentView.swift */,
				072401F12B98854D0030E077 /* LoadingPage.swift */,
				07C226212BA1E0A300F8E0B6 /* assistance */,
				0739D7912BA074670073D787 /* dressing */,
				07C226202BA1E08E00F8E0B6 /* favorite */,
				07C2261F2BA1E06500F8E0B6 /* suggestion */,
			);
			path = pages;
			sourceTree = "<group>";
		};
/* End PBXGroup section */

/* Begin PBXNativeTarget section */
		072401DE2B987D8A0030E077 /* cachemire */ = {
			isa = PBXNativeTarget;
			buildConfigurationList = 072401ED2B987D8C0030E077 /* Build configuration list for PBXNativeTarget "cachemire" */;
			buildPhases = (
				072401DB2B987D8A0030E077 /* Sources */,
				072401DC2B987D8A0030E077 /* Frameworks */,
				072401DD2B987D8A0030E077 /* Resources */,
			);
			buildRules = (
			);
			dependencies = (
			);
			name = cachemire;
			productName = cachemire;
			productReference = 072401DF2B987D8A0030E077 /* cachemire.app */;
			productType = "com.apple.product-type.application";
		};
/* End PBXNativeTarget section */

/* Begin PBXProject section */
		072401D72B987D8A0030E077 /* Project object */ = {
			isa = PBXProject;
			attributes = {
				BuildIndependentTargetsInParallel = 1;
				LastSwiftUpdateCheck = 1520;
				LastUpgradeCheck = 1530;
				TargetAttributes = {
					072401DE2B987D8A0030E077 = {
						CreatedOnToolsVersion = 15.2;
					};
				};
			};
			buildConfigurationList = 072401DA2B987D8A0030E077 /* Build configuration list for PBXProject "cachemire" */;
			compatibilityVersion = "Xcode 14.0";
			developmentRegion = fr;
			hasScannedForEncodings = 0;
			knownRegions = (
				en,
				fr,
				Base,
			);
			mainGroup = 072401D62B987D8A0030E077;
			productRefGroup = 072401E02B987D8A0030E077 /* Products */;
			projectDirPath = "";
			projectRoot = "";
			targets = (
				072401DE2B987D8A0030E077 /* cachemire */,
			);
		};
/* End PBXProject section */

/* Begin PBXResourcesBuildPhase section */
		072401DD2B987D8A0030E077 /* Resources */ = {
			isa = PBXResourcesBuildPhase;
			buildActionMask = 2147483647;
			files = (
				072401E72B987D8C0030E077 /* Assets.xcassets in Resources */,
			);
			runOnlyForDeploymentPostprocessing = 0;
		};
/* End PBXResourcesBuildPhase section */

/* Begin PBXSourcesBuildPhase section */
		072401DB2B987D8A0030E077 /* Sources */ = {
			isa = PBXSourcesBuildPhase;
			buildActionMask = 2147483647;
			files = (
				0739D7932BA074DA0073D787 /* Dressing.swift in Sources */,
				072401F22B98854D0030E077 /* LoadingPage.swift in Sources */,
				07C780952BA33AC4007A6BD8 /* FavoriteChild.swift in Sources */,
				072401E52B987D8A0030E077 /* ContentView.swift in Sources */,
				07C226252BA2029400F8E0B6 /* Favorite.swift in Sources */,
				0739D7952BA082D70073D787 /* DressingChild.swift in Sources */,
				07C6F0082B9F541400B608E0 /* Button_2.swift in Sources */,
				0769F6AE2B9B6000009DD056 /* Button_3.swift in Sources */,
				07C6F0062B9F20AD00B608E0 /* Button_1.swift in Sources */,
				07C226232BA2028500F8E0B6 /* Assistance.swift in Sources */,
				07C780972BA385AC007A6BD8 /* SuggestionChild.swift in Sources */,
				072401E32B987D8A0030E077 /* cachemireApp.swift in Sources */,
				07C6F0042B9F1A5C00B608E0 /* ModalAddCategory.swift in Sources */,
				07C226272BA2029E00F8E0B6 /* Suggestion.swift in Sources */,
			);
			runOnlyForDeploymentPostprocessing = 0;
		};
/* End PBXSourcesBuildPhase section */

/* Begin XCBuildConfiguration section */
		072401EB2B987D8C0030E077 /* Debug */ = {
			isa = XCBuildConfiguration;
			buildSettings = {
				ALWAYS_SEARCH_USER_PATHS = NO;
				ASSETCATALOG_COMPILER_GENERATE_SWIFT_ASSET_SYMBOL_EXTENSIONS = YES;
				CLANG_ANALYZER_LOCALIZABILITY_NONLOCALIZED = YES;
				CLANG_ANALYZER_NONNULL = YES;
				CLANG_ANALYZER_NUMBER_OBJECT_CONVERSION = YES_AGGRESSIVE;
				CLANG_CXX_LANGUAGE_STANDARD = "gnu++20";
				CLANG_ENABLE_MODULES = YES;
				CLANG_ENABLE_OBJC_ARC = YES;
				CLANG_ENABLE_OBJC_WEAK = YES;
				CLANG_WARN_BLOCK_CAPTURE_AUTORELEASING = YES;
				CLANG_WARN_BOOL_CONVERSION = YES;
				CLANG_WARN_COMMA = YES;
				CLANG_WARN_CONSTANT_CONVERSION = YES;
				CLANG_WARN_DEPRECATED_OBJC_IMPLEMENTATIONS = YES;
				CLANG_WARN_DIRECT_OBJC_ISA_USAGE = YES_ERROR;
				CLANG_WARN_DOCUMENTATION_COMMENTS = YES;
				CLANG_WARN_EMPTY_BODY = YES;
				CLANG_WARN_ENUM_CONVERSION = YES;
				CLANG_WARN_INFINITE_RECURSION = YES;
				CLANG_WARN_INT_CONVERSION = YES;
				CLANG_WARN_NON_LITERAL_NULL_CONVERSION = YES;
				CLANG_WARN_OBJC_IMPLICIT_RETAIN_SELF = YES;
				CLANG_WARN_OBJC_LITERAL_CONVERSION = YES;
				CLANG_WARN_OBJC_ROOT_CLASS = YES_ERROR;
				CLANG_WARN_QUOTED_INCLUDE_IN_FRAMEWORK_HEADER = YES;
				CLANG_WARN_RANGE_LOOP_ANALYSIS = YES;
				CLANG_WARN_STRICT_PROTOTYPES = YES;
				CLANG_WARN_SUSPICIOUS_MOVE = YES;
				CLANG_WARN_UNGUARDED_AVAILABILITY = YES_AGGRESSIVE;
				CLANG_WARN_UNREACHABLE_CODE = YES;
				CLANG_WARN__DUPLICATE_METHOD_MATCH = YES;
				COPY_PHASE_STRIP = NO;
				DEBUG_INFORMATION_FORMAT = dwarf;
				ENABLE_STRICT_OBJC_MSGSEND = YES;
				ENABLE_TESTABILITY = YES;
				ENABLE_USER_SCRIPT_SANDBOXING = YES;
				GCC_C_LANGUAGE_STANDARD = gnu17;
				GCC_DYNAMIC_NO_PIC = NO;
				GCC_NO_COMMON_BLOCKS = YES;
				GCC_OPTIMIZATION_LEVEL = 0;
				GCC_PREPROCESSOR_DEFINITIONS = (
					"DEBUG=1",
					"$(inherited)",
				);
				GCC_WARN_64_TO_32_BIT_CONVERSION = YES;
				GCC_WARN_ABOUT_RETURN_TYPE = YES_ERROR;
				GCC_WARN_UNDECLARED_SELECTOR = YES;
				GCC_WARN_UNINITIALIZED_AUTOS = YES_AGGRESSIVE;
				GCC_WARN_UNUSED_FUNCTION = YES;
				GCC_WARN_UNUSED_VARIABLE = YES;
				IPHONEOS_DEPLOYMENT_TARGET = 17.2;
				LOCALIZATION_PREFERS_STRING_CATALOGS = YES;
				MTL_ENABLE_DEBUG_INFO = INCLUDE_SOURCE;
				MTL_FAST_MATH = YES;
				ONLY_ACTIVE_ARCH = YES;
				SDKROOT = iphoneos;
				SWIFT_ACTIVE_COMPILATION_CONDITIONS = "DEBUG $(inherited)";
				SWIFT_OPTIMIZATION_LEVEL = "-Onone";
			};
			name = Debug;
		};
		072401EC2B987D8C0030E077 /* Release */ = {
			isa = XCBuildConfiguration;
			buildSettings = {
				ALWAYS_SEARCH_USER_PATHS = NO;
				ASSETCATALOG_COMPILER_GENERATE_SWIFT_ASSET_SYMBOL_EXTENSIONS = YES;
				CLANG_ANALYZER_LOCALIZABILITY_NONLOCALIZED = YES;
				CLANG_ANALYZER_NONNULL = YES;
				CLANG_ANALYZER_NUMBER_OBJECT_CONVERSION = YES_AGGRESSIVE;
				CLANG_CXX_LANGUAGE_STANDARD = "gnu++20";
				CLANG_ENABLE_MODULES = YES;
				CLANG_ENABLE_OBJC_ARC = YES;
				CLANG_ENABLE_OBJC_WEAK = YES;
				CLANG_WARN_BLOCK_CAPTURE_AUTORELEASING = YES;
				CLANG_WARN_BOOL_CONVERSION = YES;
				CLANG_WARN_COMMA = YES;
				CLANG_WARN_CONSTANT_CONVERSION = YES;
				CLANG_WARN_DEPRECATED_OBJC_IMPLEMENTATIONS = YES;
				CLANG_WARN_DIRECT_OBJC_ISA_USAGE = YES_ERROR;
				CLANG_WARN_DOCUMENTATION_COMMENTS = YES;
				CLANG_WARN_EMPTY_BODY = YES;
				CLANG_WARN_ENUM_CONVERSION = YES;
				CLANG_WARN_INFINITE_RECURSION = YES;
				CLANG_WARN_INT_CONVERSION = YES;
				CLANG_WARN_NON_LITERAL_NULL_CONVERSION = YES;
				CLANG_WARN_OBJC_IMPLICIT_RETAIN_SELF = YES;
				CLANG_WARN_OBJC_LITERAL_CONVERSION = YES;
				CLANG_WARN_OBJC_ROOT_CLASS = YES_ERROR;
				CLANG_WARN_QUOTED_INCLUDE_IN_FRAMEWORK_HEADER = YES;
				CLANG_WARN_RANGE_LOOP_ANALYSIS = YES;
				CLANG_WARN_STRICT_PROTOTYPES = YES;
				CLANG_WARN_SUSPICIOUS_MOVE = YES;
				CLANG_WARN_UNGUARDED_AVAILABILITY = YES_AGGRESSIVE;
				CLANG_WARN_UNREACHABLE_CODE = YES;
				CLANG_WARN__DUPLICATE_METHOD_MATCH = YES;
				COPY_PHASE_STRIP = NO;
				DEBUG_INFORMATION_FORMAT = "dwarf-with-dsym";
				ENABLE_NS_ASSERTIONS = NO;
				ENABLE_STRICT_OBJC_MSGSEND = YES;
				ENABLE_USER_SCRIPT_SANDBOXING = YES;
				GCC_C_LANGUAGE_STANDARD = gnu17;
				GCC_NO_COMMON_BLOCKS = YES;
				GCC_WARN_64_TO_32_BIT_CONVERSION = YES;
				GCC_WARN_ABOUT_RETURN_TYPE = YES_ERROR;
				GCC_WARN_UNDECLARED_SELECTOR = YES;
				GCC_WARN_UNINITIALIZED_AUTOS = YES_AGGRESSIVE;
				GCC_WARN_UNUSED_FUNCTION = YES;
				GCC_WARN_UNUSED_VARIABLE = YES;
				IPHONEOS_DEPLOYMENT_TARGET = 17.2;
				LOCALIZATION_PREFERS_STRING_CATALOGS = YES;
				MTL_ENABLE_DEBUG_INFO = NO;
				MTL_FAST_MATH = YES;
				SDKROOT = iphoneos;
				SWIFT_COMPILATION_MODE = wholemodule;
				VALIDATE_PRODUCT = YES;
			};
			name = Release;
		};
		072401EE2B987D8C0030E077 /* Debug */ = {
			isa = XCBuildConfiguration;
			buildSettings = {
				ASSETCATALOG_COMPILER_APPICON_NAME = AppIcon;
				ASSETCATALOG_COMPILER_GLOBAL_ACCENT_COLOR_NAME = AccentColor;
				CODE_SIGN_STYLE = Automatic;
				CURRENT_PROJECT_VERSION = 1;
				DEVELOPMENT_ASSET_PATHS = "\"cachemire/Preview Content\"";
				ENABLE_PREVIEWS = YES;
				GENERATE_INFOPLIST_FILE = YES;
				INFOPLIST_KEY_UIApplicationSceneManifest_Generation = YES;
				INFOPLIST_KEY_UIApplicationSupportsIndirectInputEvents = YES;
				INFOPLIST_KEY_UILaunchScreen_Generation = YES;
				INFOPLIST_KEY_UISupportedInterfaceOrientations_iPad = "UIInterfaceOrientationPortrait UIInterfaceOrientationPortraitUpsideDown UIInterfaceOrientationLandscapeLeft UIInterfaceOrientationLandscapeRight";
				INFOPLIST_KEY_UISupportedInterfaceOrientations_iPhone = "UIInterfaceOrientationPortrait UIInterfaceOrientationLandscapeLeft UIInterfaceOrientationLandscapeRight";
				LD_RUNPATH_SEARCH_PATHS = (
					"$(inherited)",
					"@executable_path/Frameworks",
				);
				MARKETING_VERSION = 1.0;
				PRODUCT_BUNDLE_IDENTIFIER = com.cachemire;
				PRODUCT_NAME = "$(TARGET_NAME)";
				SWIFT_EMIT_LOC_STRINGS = YES;
				SWIFT_VERSION = 5.0;
				TARGETED_DEVICE_FAMILY = "1,2";
			};
			name = Debug;
		};
		072401EF2B987D8C0030E077 /* Release */ = {
			isa = XCBuildConfiguration;
			buildSettings = {
				ASSETCATALOG_COMPILER_APPICON_NAME = AppIcon;
				ASSETCATALOG_COMPILER_GLOBAL_ACCENT_COLOR_NAME = AccentColor;
				CODE_SIGN_STYLE = Automatic;
				CURRENT_PROJECT_VERSION = 1;
				DEVELOPMENT_ASSET_PATHS = "\"cachemire/Preview Content\"";
				ENABLE_PREVIEWS = YES;
				GENERATE_INFOPLIST_FILE = YES;
				INFOPLIST_KEY_UIApplicationSceneManifest_Generation = YES;
				INFOPLIST_KEY_UIApplicationSupportsIndirectInputEvents = YES;
				INFOPLIST_KEY_UILaunchScreen_Generation = YES;
				INFOPLIST_KEY_UISupportedInterfaceOrientations_iPad = "UIInterfaceOrientationPortrait UIInterfaceOrientationPortraitUpsideDown UIInterfaceOrientationLandscapeLeft UIInterfaceOrientationLandscapeRight";
				INFOPLIST_KEY_UISupportedInterfaceOrientations_iPhone = "UIInterfaceOrientationPortrait UIInterfaceOrientationLandscapeLeft UIInterfaceOrientationLandscapeRight";
				LD_RUNPATH_SEARCH_PATHS = (
					"$(inherited)",
					"@executable_path/Frameworks",
				);
				MARKETING_VERSION = 1.0;
				PRODUCT_BUNDLE_IDENTIFIER = com.cachemire;
				PRODUCT_NAME = "$(TARGET_NAME)";
				SWIFT_EMIT_LOC_STRINGS = YES;
				SWIFT_VERSION = 5.0;
				TARGETED_DEVICE_FAMILY = "1,2";
			};
			name = Release;
		};
/* End XCBuildConfiguration section */

/* Begin XCConfigurationList section */
		072401DA2B987D8A0030E077 /* Build configuration list for PBXProject "cachemire" */ = {
			isa = XCConfigurationList;
			buildConfigurations = (
				072401EB2B987D8C0030E077 /* Debug */,
				072401EC2B987D8C0030E077 /* Release */,
			);
			defaultConfigurationIsVisible = 0;
			defaultConfigurationName = Release;
		};
		072401ED2B987D8C0030E077 /* Build configuration list for PBXNativeTarget "cachemire" */ = {
			isa = XCConfigurationList;
			buildConfigurations = (
				072401EE2B987D8C0030E077 /* Debug */,
				072401EF2B987D8C0030E077 /* Release */,
			);
			defaultConfigurationIsVisible = 0;
			defaultConfigurationName = Release;
		};
/* End XCConfigurationList section */
	};
	rootObject = 072401D72B987D8A0030E077 /* Project object */;
}
